github.com/erpc-go/jce-codec v0.0.0-20221001090236-9e14dde0f32d h1:HSOQXNIjrBvOD/Nztn2IJQsPmfUTqdnIEKrG1oejN6Y=
github.com/erpc-go/jce-codec v0.0.0-20221001090236-9e14dde0f32d/go.mod h1:DDA/AwUX+pZYoOBoHgTFyRNDbKimWsGst5vuHoPV+JU=
github.com/smartystreets/assertions v1.13.0 h1:Dx1kYM01xsSqKPno3aqLnrwac2LetPvN23diwyr69Qs=
