github.com/erpc-go/jce-codec v0.0.0-20221001055755-9459f34bded6 h1:9qnt/z5DK32pP2qFXh8y0NgkzGI9KU7vfClXt4D5D4w=
github.com/erpc-go/jce-codec v0.0.0-20221001055755-9459f34bded6/go.mod h1:XFOzpSLPI2T/2WhJy8zHFNt/Nr2Bk+yUXSMxsjwPKRA=
github.com/smartystreets/assertions v1.13.0 h1:Dx1kYM01xsSqKPno3aqLnrwac2LetPvN23diwyr69Qs=
